// !$*UTF8*$!
{
	archiveVersion = 1;
	classes = {
	};
	objectVersion = 50;
	objects = {

/* Begin PBXBuildFile section */
		A976413C6AD26F1BFCB9F094 /* Pods_iosfinal2018.framework in Frameworks */ = {isa = PBXBuildFile; fileRef = 8C0A0745C51EBA12D4CBBE08 /* Pods_iosfinal2018.framework */; };
		E05304542085068200597236 /* Contact.swift in Sources */ = {isa = PBXBuildFile; fileRef = E05304532085068200597236 /* Contact.swift */; };
		E05304562085343700597236 /* ContactCell.swift in Sources */ = {isa = PBXBuildFile; fileRef = E05304552085343700597236 /* ContactCell.swift */; };
		E05B5931207DB1680047B41E /* AppDelegate.swift in Sources */ = {isa = PBXBuildFile; fileRef = E05B5930207DB1680047B41E /* AppDelegate.swift */; };
		E05B5933207DB1680047B41E /* MapVC.swift in Sources */ = {isa = PBXBuildFile; fileRef = E05B5932207DB1680047B41E /* MapVC.swift */; };
		E05B5936207DB1680047B41E /* Main.storyboard in Resources */ = {isa = PBXBuildFile; fileRef = E05B5934207DB1680047B41E /* Main.storyboard */; };
		E05B5938207DB16B0047B41E /* Assets.xcassets in Resources */ = {isa = PBXBuildFile; fileRef = E05B5937207DB16B0047B41E /* Assets.xcassets */; };
		E05B593B207DB16B0047B41E /* LaunchScreen.storyboard in Resources */ = {isa = PBXBuildFile; fileRef = E05B5939207DB16B0047B41E /* LaunchScreen.storyboard */; };
		E05B5943207DBB930047B41E /* AdviceVC.swift in Sources */ = {isa = PBXBuildFile; fileRef = E05B5942207DBB930047B41E /* AdviceVC.swift */; };
		E05B5945207DBC470047B41E /* SendScreenVC.swift in Sources */ = {isa = PBXBuildFile; fileRef = E05B5944207DBC470047B41E /* SendScreenVC.swift */; };
		E05B5947207E5B320047B41E /* Podfile in Resources */ = {isa = PBXBuildFile; fileRef = E05B5946207E5B310047B41E /* Podfile */; };
		E05B5949207E5FA50047B41E /* GoogleService-Info.plist in Resources */ = {isa = PBXBuildFile; fileRef = E05B5948207E5FA50047B41E /* GoogleService-Info.plist */; };
/* End PBXBuildFile section */

/* Begin PBXFileReference section */
		1FCFD2729F005FF850930173 /* Pods-iosfinal2018.debug.xcconfig */ = {isa = PBXFileReference; includeInIndex = 1; lastKnownFileType = text.xcconfig; name = "Pods-iosfinal2018.debug.xcconfig"; path = "Pods/Target Support Files/Pods-iosfinal2018/Pods-iosfinal2018.debug.xcconfig"; sourceTree = "<group>"; };
		8C0A0745C51EBA12D4CBBE08 /* Pods_iosfinal2018.framework */ = {isa = PBXFileReference; explicitFileType = wrapper.framework; includeInIndex = 0; path = Pods_iosfinal2018.framework; sourceTree = BUILT_PRODUCTS_DIR; };
		E05304532085068200597236 /* Contact.swift */ = {isa = PBXFileReference; lastKnownFileType = sourcecode.swift; path = Contact.swift; sourceTree = "<group>"; };
		E05304552085343700597236 /* ContactCell.swift */ = {isa = PBXFileReference; lastKnownFileType = sourcecode.swift; path = ContactCell.swift; sourceTree = "<group>"; };
		E05B592D207DB1680047B41E /* iosfinal2018.app */ = {isa = PBXFileReference; explicitFileType = wrapper.application; includeInIndex = 0; path = iosfinal2018.app; sourceTree = BUILT_PRODUCTS_DIR; };
		E05B5930207DB1680047B41E /* AppDelegate.swift */ = {isa = PBXFileReference; lastKnownFileType = sourcecode.swift; path = AppDelegate.swift; sourceTree = "<group>"; };
		E05B5932207DB1680047B41E /* MapVC.swift */ = {isa = PBXFileReference; lastKnownFileType = sourcecode.swift; path = MapVC.swift; sourceTree = "<group>"; };
		E05B5935207DB1680047B41E /* Base */ = {isa = PBXFileReference; lastKnownFileType = file.storyboard; name = Base; path = Base.lproj/Main.storyboard; sourceTree = "<group>"; };
		E05B5937207DB16B0047B41E /* Assets.xcassets */ = {isa = PBXFileReference; lastKnownFileType = folder.assetcatalog; path = Assets.xcassets; sourceTree = "<group>"; };
		E05B593A207DB16B0047B41E /* Base */ = {isa = PBXFileReference; lastKnownFileType = file.storyboard; name = Base; path = Base.lproj/LaunchScreen.storyboard; sourceTree = "<group>"; };
		E05B593C207DB16B0047B41E /* Info.plist */ = {isa = PBXFileReference; lastKnownFileType = text.plist.xml; path = Info.plist; sourceTree = "<group>"; };
		E05B5942207DBB930047B41E /* AdviceVC.swift */ = {isa = PBXFileReference; lastKnownFileType = sourcecode.swift; path = AdviceVC.swift; sourceTree = "<group>"; };
		E05B5944207DBC470047B41E /* SendScreenVC.swift */ = {isa = PBXFileReference; lastKnownFileType = sourcecode.swift; path = SendScreenVC.swift; sourceTree = "<group>"; };
		E05B5946207E5B310047B41E /* Podfile */ = {isa = PBXFileReference; lastKnownFileType = text; path = Podfile; sourceTree = "<group>"; xcLanguageSpecificationIdentifier = xcode.lang.ruby; };
		E05B5948207E5FA50047B41E /* GoogleService-Info.plist */ = {isa = PBXFileReference; fileEncoding = 4; lastKnownFileType = text.plist.xml; path = "GoogleService-Info.plist"; sourceTree = "<group>"; };
		EEEB3DB8C2FDCD0C795D8892 /* Pods-iosfinal2018.release.xcconfig */ = {isa = PBXFileReference; includeInIndex = 1; lastKnownFileType = text.xcconfig; name = "Pods-iosfinal2018.release.xcconfig"; path = "Pods/Target Support Files/Pods-iosfinal2018/Pods-iosfinal2018.release.xcconfig"; sourceTree = "<group>"; };
/* End PBXFileReference section */

/* Begin PBXFrameworksBuildPhase section */
		E05B592A207DB1680047B41E /* Frameworks */ = {
			isa = PBXFrameworksBuildPhase;
			buildActionMask = 2147483647;
			files = (
				A976413C6AD26F1BFCB9F094 /* Pods_iosfinal2018.framework in Frameworks */,
			);
			runOnlyForDeploymentPostprocessing = 0;
		};
/* End PBXFrameworksBuildPhase section */

/* Begin PBXGroup section */
		4EFDD807BFE868B9477E05F7 /* Pods */ = {
			isa = PBXGroup;
			children = (
				1FCFD2729F005FF850930173 /* Pods-iosfinal2018.debug.xcconfig */,
				EEEB3DB8C2FDCD0C795D8892 /* Pods-iosfinal2018.release.xcconfig */,
			);
			name = Pods;
			sourceTree = "<group>";
		};
		8FE55D5F17AF6258EB264E71 /* Frameworks */ = {
			isa = PBXGroup;
			children = (
				8C0A0745C51EBA12D4CBBE08 /* Pods_iosfinal2018.framework */,
			);
			name = Frameworks;
			sourceTree = "<group>";
		};
		E0266E662084F31900A9CE3F /* Model */ = {
			isa = PBXGroup;
			children = (
			);
			path = Model;
			sourceTree = "<group>";
		};
		E0266E672084F31F00A9CE3F /* View */ = {
			isa = PBXGroup;
			children = (
			);
			path = View;
			sourceTree = "<group>";
		};
		E0266E682084F32400A9CE3F /* Controller */ = {
			isa = PBXGroup;
			children = (
			);
			path = Controller;
			sourceTree = "<group>";
		};
		E05B5924207DB1680047B41E = {
			isa = PBXGroup;
			children = (
				E05B5946207E5B310047B41E /* Podfile */,
				E05B592F207DB1680047B41E /* iosfinal2018 */,
				E05B592E207DB1680047B41E /* Products */,
				4EFDD807BFE868B9477E05F7 /* Pods */,
				8FE55D5F17AF6258EB264E71 /* Frameworks */,
			);
			sourceTree = "<group>";
		};
		E05B592E207DB1680047B41E /* Products */ = {
			isa = PBXGroup;
			children = (
				E05B592D207DB1680047B41E /* iosfinal2018.app */,
			);
			name = Products;
			sourceTree = "<group>";
		};
		E05B592F207DB1680047B41E /* iosfinal2018 */ = {
			isa = PBXGroup;
			children = (
				E0266E682084F32400A9CE3F /* Controller */,
				E0266E672084F31F00A9CE3F /* View */,
				E0266E662084F31900A9CE3F /* Model */,
				E05B5930207DB1680047B41E /* AppDelegate.swift */,
				E05B5942207DBB930047B41E /* AdviceVC.swift */,
				E05B5944207DBC470047B41E /* SendScreenVC.swift */,
				E05B5932207DB1680047B41E /* MapVC.swift */,
				E05304552085343700597236 /* ContactCell.swift */,
				E05B5934207DB1680047B41E /* Main.storyboard */,
				E05B5937207DB16B0047B41E /* Assets.xcassets */,
				E05B5939207DB16B0047B41E /* LaunchScreen.storyboard */,
				E05B593C207DB16B0047B41E /* Info.plist */,
				E05B5948207E5FA50047B41E /* GoogleService-Info.plist */,
				E05304532085068200597236 /* Contact.swift */,
			);
			path = iosfinal2018;
			sourceTree = "<group>";
		};
/* End PBXGroup section */

/* Begin PBXNativeTarget section */
		E05B592C207DB1680047B41E /* iosfinal2018 */ = {
			isa = PBXNativeTarget;
			buildConfigurationList = E05B593F207DB16B0047B41E /* Build configuration list for PBXNativeTarget "iosfinal2018" */;
			buildPhases = (
				6AAB09A593EBB2535ABB9FFC /* [CP] Check Pods Manifest.lock */,
				E05B5929207DB1680047B41E /* Sources */,
				E05B592A207DB1680047B41E /* Frameworks */,
				E05B592B207DB1680047B41E /* Resources */,
				C6627384BA68DDBA6540F81D /* [CP] Copy Pods Resources */,
				E5599425AF7AC09CDD8E8E76 /* [CP] Embed Pods Frameworks */,
			);
			buildRules = (
			);
			dependencies = (
			);
			name = iosfinal2018;
			productName = iosfinal2018;
			productReference = E05B592D207DB1680047B41E /* iosfinal2018.app */;
			productType = "com.apple.product-type.application";
		};
/* End PBXNativeTarget section */

/* Begin PBXProject section */
		E05B5925207DB1680047B41E /* Project object */ = {
			isa = PBXProject;
			attributes = {
				LastSwiftUpdateCheck = 0930;
				LastUpgradeCheck = 0930;
				ORGANIZATIONNAME = "Zachary Kimelheim";
				TargetAttributes = {
					E05B592C207DB1680047B41E = {
						CreatedOnToolsVersion = 9.3;
					};
				};
			};
			buildConfigurationList = E05B5928207DB1680047B41E /* Build configuration list for PBXProject "iosfinal2018" */;
			compatibilityVersion = "Xcode 9.3";
			developmentRegion = en;
			hasScannedForEncodings = 0;
			knownRegions = (
				en,
				Base,
			);
			mainGroup = E05B5924207DB1680047B41E;
			productRefGroup = E05B592E207DB1680047B41E /* Products */;
			projectDirPath = "";
			projectRoot = "";
			targets = (
				E05B592C207DB1680047B41E /* iosfinal2018 */,
			);
		};
/* End PBXProject section */

/* Begin PBXResourcesBuildPhase section */
		E05B592B207DB1680047B41E /* Resources */ = {
			isa = PBXResourcesBuildPhase;
			buildActionMask = 2147483647;
			files = (
				E05B593B207DB16B0047B41E /* LaunchScreen.storyboard in Resources */,
				E05B5938207DB16B0047B41E /* Assets.xcassets in Resources */,
				E05B5949207E5FA50047B41E /* GoogleService-Info.plist in Resources */,
				E05B5947207E5B320047B41E /* Podfile in Resources */,
				E05B5936207DB1680047B41E /* Main.storyboard in Resources */,
			);
			runOnlyForDeploymentPostprocessing = 0;
		};
/* End PBXResourcesBuildPhase section */

/* Begin PBXShellScriptBuildPhase section */
		6AAB09A593EBB2535ABB9FFC /* [CP] Check Pods Manifest.lock */ = {
			isa = PBXShellScriptBuildPhase;
			buildActionMask = 2147483647;
			files = (
			);
			inputPaths = (
				"${PODS_PODFILE_DIR_PATH}/Podfile.lock",
				"${PODS_ROOT}/Manifest.lock",
			);
			name = "[CP] Check Pods Manifest.lock";
			outputPaths = (
				"$(DERIVED_FILE_DIR)/Pods-iosfinal2018-checkManifestLockResult.txt",
			);
			runOnlyForDeploymentPostprocessing = 0;
			shellPath = /bin/sh;
			shellScript = "diff \"${PODS_PODFILE_DIR_PATH}/Podfile.lock\" \"${PODS_ROOT}/Manifest.lock\" > /dev/null\nif [ $? != 0 ] ; then\n    # print error to STDERR\n    echo \"error: The sandbox is not in sync with the Podfile.lock. Run 'pod install' or update your CocoaPods installation.\" >&2\n    exit 1\nfi\n# This output is used by Xcode 'outputs' to avoid re-running this script phase.\necho \"SUCCESS\" > \"${SCRIPT_OUTPUT_FILE_0}\"\n";
			showEnvVarsInLog = 0;
		};
		C6627384BA68DDBA6540F81D /* [CP] Copy Pods Resources */ = {
			isa = PBXShellScriptBuildPhase;
			buildActionMask = 2147483647;
			files = (
			);
			inputPaths = (
				"${SRCROOT}/Pods/Target Support Files/Pods-iosfinal2018/Pods-iosfinal2018-resources.sh",
				"${PODS_ROOT}/GoogleMaps/Maps/Frameworks/GoogleMaps.framework/Resources/GoogleMaps.bundle",
				"${PODS_ROOT}/GooglePlaces/Frameworks/GooglePlaces.framework/Resources/GooglePlaces.bundle",
			);
			name = "[CP] Copy Pods Resources";
			outputPaths = (
				"${TARGET_BUILD_DIR}/${UNLOCALIZED_RESOURCES_FOLDER_PATH}/GoogleMaps.bundle",
				"${TARGET_BUILD_DIR}/${UNLOCALIZED_RESOURCES_FOLDER_PATH}/GooglePlaces.bundle",
			);
			runOnlyForDeploymentPostprocessing = 0;
			shellPath = /bin/sh;
			shellScript = "\"${SRCROOT}/Pods/Target Support Files/Pods-iosfinal2018/Pods-iosfinal2018-resources.sh\"\n";
			showEnvVarsInLog = 0;
		};
		E5599425AF7AC09CDD8E8E76 /* [CP] Embed Pods Frameworks */ = {
			isa = PBXShellScriptBuildPhase;
			buildActionMask = 2147483647;
			files = (
			);
			inputPaths = (
				"${SRCROOT}/Pods/Target Support Files/Pods-iosfinal2018/Pods-iosfinal2018-frameworks.sh",
				"${BUILT_PRODUCTS_DIR}/BoringSSL/openssl.framework",
				"${BUILT_PRODUCTS_DIR}/GoogleToolboxForMac/GoogleToolboxForMac.framework",
				"${BUILT_PRODUCTS_DIR}/Protobuf/Protobuf.framework",
				"${BUILT_PRODUCTS_DIR}/gRPC/GRPCClient.framework",
				"${BUILT_PRODUCTS_DIR}/gRPC-Core/grpc.framework",
				"${BUILT_PRODUCTS_DIR}/gRPC-ProtoRPC/ProtoRPC.framework",
				"${BUILT_PRODUCTS_DIR}/gRPC-RxLibrary/RxLibrary.framework",
				"${BUILT_PRODUCTS_DIR}/leveldb-library/leveldb.framework",
				"${BUILT_PRODUCTS_DIR}/nanopb/nanopb.framework",
			);
			name = "[CP] Embed Pods Frameworks";
			outputPaths = (
				"${TARGET_BUILD_DIR}/${FRAMEWORKS_FOLDER_PATH}/openssl.framework",
				"${TARGET_BUILD_DIR}/${FRAMEWORKS_FOLDER_PATH}/GoogleToolboxForMac.framework",
				"${TARGET_BUILD_DIR}/${FRAMEWORKS_FOLDER_PATH}/Protobuf.framework",
				"${TARGET_BUILD_DIR}/${FRAMEWORKS_FOLDER_PATH}/GRPCClient.framework",
				"${TARGET_BUILD_DIR}/${FRAMEWORKS_FOLDER_PATH}/grpc.framework",
				"${TARGET_BUILD_DIR}/${FRAMEWORKS_FOLDER_PATH}/ProtoRPC.framework",
				"${TARGET_BUILD_DIR}/${FRAMEWORKS_FOLDER_PATH}/RxLibrary.framework",
				"${TARGET_BUILD_DIR}/${FRAMEWORKS_FOLDER_PATH}/leveldb.framework",
				"${TARGET_BUILD_DIR}/${FRAMEWORKS_FOLDER_PATH}/nanopb.framework",
			);
			runOnlyForDeploymentPostprocessing = 0;
			shellPath = /bin/sh;
			shellScript = "\"${SRCROOT}/Pods/Target Support Files/Pods-iosfinal2018/Pods-iosfinal2018-frameworks.sh\"\n";
			showEnvVarsInLog = 0;
		};
/* End PBXShellScriptBuildPhase section */

/* Begin PBXSourcesBuildPhase section */
		E05B5929207DB1680047B41E /* Sources */ = {
			isa = PBXSourcesBuildPhase;
			buildActionMask = 2147483647;
			files = (
				E05304562085343700597236 /* ContactCell.swift in Sources */,
				E05B5945207DBC470047B41E /* SendScreenVC.swift in Sources */,
				E05B5933207DB1680047B41E /* MapVC.swift in Sources */,
				E05304542085068200597236 /* Contact.swift in Sources */,
				E05B5931207DB1680047B41E /* AppDelegate.swift in Sources */,
				E05B5943207DBB930047B41E /* AdviceVC.swift in Sources */,
			);
			runOnlyForDeploymentPostprocessing = 0;
		};
/* End PBXSourcesBuildPhase section */

/* Begin PBXVariantGroup section */
		E05B5934207DB1680047B41E /* Main.storyboard */ = {
			isa = PBXVariantGroup;
			children = (
				E05B5935207DB1680047B41E /* Base */,
			);
			name = Main.storyboard;
			sourceTree = "<group>";
		};
		E05B5939207DB16B0047B41E /* LaunchScreen.storyboard */ = {
			isa = PBXVariantGroup;
			children = (
				E05B593A207DB16B0047B41E /* Base */,
			);
			name = LaunchScreen.storyboard;
			sourceTree = "<group>";
		};
/* End PBXVariantGroup section */

/* Begin XCBuildConfiguration section */
		E05B593D207DB16B0047B41E /* Debug */ = {
			isa = XCBuildConfiguration;
			buildSettings = {
				ALWAYS_SEARCH_USER_PATHS = NO;
				CLANG_ANALYZER_NONNULL = YES;
				CLANG_ANALYZER_NUMBER_OBJECT_CONVERSION = YES_AGGRESSIVE;
				CLANG_CXX_LANGUAGE_STANDARD = "gnu++14";
				CLANG_CXX_LIBRARY = "libc++";
				CLANG_ENABLE_MODULES = YES;
				CLANG_ENABLE_OBJC_ARC = YES;
				CLANG_ENABLE_OBJC_WEAK = YES;
				CLANG_WARN_BLOCK_CAPTURE_AUTORELEASING = YES;
				CLANG_WARN_BOOL_CONVERSION = YES;
				CLANG_WARN_COMMA = YES;
				CLANG_WARN_CONSTANT_CONVERSION = YES;
				CLANG_WARN_DEPRECATED_OBJC_IMPLEMENTATIONS = YES;
				CLANG_WARN_DIRECT_OBJC_ISA_USAGE = YES_ERROR;
				CLANG_WARN_DOCUMENTATION_COMMENTS = YES;
				CLANG_WARN_EMPTY_BODY = YES;
				CLANG_WARN_ENUM_CONVERSION = YES;
				CLANG_WARN_INFINITE_RECURSION = YES;
				CLANG_WARN_INT_CONVERSION = YES;
				CLANG_WARN_NON_LITERAL_NULL_CONVERSION = YES;
				CLANG_WARN_OBJC_IMPLICIT_RETAIN_SELF = YES;
				CLANG_WARN_OBJC_LITERAL_CONVERSION = YES;
				CLANG_WARN_OBJC_ROOT_CLASS = YES_ERROR;
				CLANG_WARN_RANGE_LOOP_ANALYSIS = YES;
				CLANG_WARN_STRICT_PROTOTYPES = YES;
				CLANG_WARN_SUSPICIOUS_MOVE = YES;
				CLANG_WARN_UNGUARDED_AVAILABILITY = YES_AGGRESSIVE;
				CLANG_WARN_UNREACHABLE_CODE = YES;
				CLANG_WARN__DUPLICATE_METHOD_MATCH = YES;
				CODE_SIGN_IDENTITY = "iPhone Developer";
				COPY_PHASE_STRIP = NO;
				DEBUG_INFORMATION_FORMAT = dwarf;
				ENABLE_STRICT_OBJC_MSGSEND = YES;
				ENABLE_TESTABILITY = YES;
				GCC_C_LANGUAGE_STANDARD = gnu11;
				GCC_DYNAMIC_NO_PIC = NO;
				GCC_NO_COMMON_BLOCKS = YES;
				GCC_OPTIMIZATION_LEVEL = 0;
				GCC_PREPROCESSOR_DEFINITIONS = (
					"DEBUG=1",
					"$(inherited)",
				);
				GCC_WARN_64_TO_32_BIT_CONVERSION = YES;
				GCC_WARN_ABOUT_RETURN_TYPE = YES_ERROR;
				GCC_WARN_UNDECLARED_SELECTOR = YES;
				GCC_WARN_UNINITIALIZED_AUTOS = YES_AGGRESSIVE;
				GCC_WARN_UNUSED_FUNCTION = YES;
				GCC_WARN_UNUSED_VARIABLE = YES;
				IPHONEOS_DEPLOYMENT_TARGET = 11.3;
				MTL_ENABLE_DEBUG_INFO = YES;
				ONLY_ACTIVE_ARCH = YES;
				SDKROOT = iphoneos;
				SWIFT_ACTIVE_COMPILATION_CONDITIONS = DEBUG;
				SWIFT_OPTIMIZATION_LEVEL = "-Onone";
			};
			name = Debug;
		};
		E05B593E207DB16B0047B41E /* Release */ = {
			isa = XCBuildConfiguration;
			buildSettings = {
				ALWAYS_SEARCH_USER_PATHS = NO;
				CLANG_ANALYZER_NONNULL = YES;
				CLANG_ANALYZER_NUMBER_OBJECT_CONVERSION = YES_AGGRESSIVE;
				CLANG_CXX_LANGUAGE_STANDARD = "gnu++14";
				CLANG_CXX_LIBRARY = "libc++";
				CLANG_ENABLE_MODULES = YES;
				CLANG_ENABLE_OBJC_ARC = YES;
				CLANG_ENABLE_OBJC_WEAK = YES;
				CLANG_WARN_BLOCK_CAPTURE_AUTORELEASING = YES;
				CLANG_WARN_BOOL_CONVERSION = YES;
				CLANG_WARN_COMMA = YES;
				CLANG_WARN_CONSTANT_CONVERSION = YES;
				CLANG_WARN_DEPRECATED_OBJC_IMPLEMENTATIONS = YES;
				CLANG_WARN_DIRECT_OBJC_ISA_USAGE = YES_ERROR;
				CLANG_WARN_DOCUMENTATION_COMMENTS = YES;
				CLANG_WARN_EMPTY_BODY = YES;
				CLANG_WARN_ENUM_CONVERSION = YES;
				CLANG_WARN_INFINITE_RECURSION = YES;
				CLANG_WARN_INT_CONVERSION = YES;
				CLANG_WARN_NON_LITERAL_NULL_CONVERSION = YES;
				CLANG_WARN_OBJC_IMPLICIT_RETAIN_SELF = YES;
				CLANG_WARN_OBJC_LITERAL_CONVERSION = YES;
				CLANG_WARN_OBJC_ROOT_CLASS = YES_ERROR;
				CLANG_WARN_RANGE_LOOP_ANALYSIS = YES;
				CLANG_WARN_STRICT_PROTOTYPES = YES;
				CLANG_WARN_SUSPICIOUS_MOVE = YES;
				CLANG_WARN_UNGUARDED_AVAILABILITY = YES_AGGRESSIVE;
				CLANG_WARN_UNREACHABLE_CODE = YES;
				CLANG_WARN__DUPLICATE_METHOD_MATCH = YES;
				CODE_SIGN_IDENTITY = "iPhone Developer";
				COPY_PHASE_STRIP = NO;
				DEBUG_INFORMATION_FORMAT = "dwarf-with-dsym";
				ENABLE_NS_ASSERTIONS = NO;
				ENABLE_STRICT_OBJC_MSGSEND = YES;
				GCC_C_LANGUAGE_STANDARD = gnu11;
				GCC_NO_COMMON_BLOCKS = YES;
				GCC_WARN_64_TO_32_BIT_CONVERSION = YES;
				GCC_WARN_ABOUT_RETURN_TYPE = YES_ERROR;
				GCC_WARN_UNDECLARED_SELECTOR = YES;
				GCC_WARN_UNINITIALIZED_AUTOS = YES_AGGRESSIVE;
				GCC_WARN_UNUSED_FUNCTION = YES;
				GCC_WARN_UNUSED_VARIABLE = YES;
				IPHONEOS_DEPLOYMENT_TARGET = 11.3;
				MTL_ENABLE_DEBUG_INFO = NO;
				SDKROOT = iphoneos;
				SWIFT_COMPILATION_MODE = wholemodule;
				SWIFT_OPTIMIZATION_LEVEL = "-O";
				VALIDATE_PRODUCT = YES;
			};
			name = Release;
		};
		E05B5940207DB16B0047B41E /* Debug */ = {
			isa = XCBuildConfiguration;
			baseConfigurationReference = 1FCFD2729F005FF850930173 /* Pods-iosfinal2018.debug.xcconfig */;
			buildSettings = {
				ASSETCATALOG_COMPILER_APPICON_NAME = AppIcon;
				CODE_SIGN_STYLE = Automatic;
				DEVELOPMENT_TEAM = NPF7TA6L62;
				INFOPLIST_FILE = iosfinal2018/Info.plist;
				LD_RUNPATH_SEARCH_PATHS = (
					"$(inherited)",
					"@executable_path/Frameworks",
				);
				PRODUCT_BUNDLE_IDENTIFIER = com.nyu.iosfinal2018;
				PRODUCT_NAME = "$(TARGET_NAME)";
				SWIFT_VERSION = 4.0;
				TARGETED_DEVICE_FAMILY = "1,2";
			};
			name = Debug;
		};
		E05B5941207DB16B0047B41E /* Release */ = {
			isa = XCBuildConfiguration;
			baseConfigurationReference = EEEB3DB8C2FDCD0C795D8892 /* Pods-iosfinal2018.release.xcconfig */;
			buildSettings = {
				ASSETCATALOG_COMPILER_APPICON_NAME = AppIcon;
				CODE_SIGN_STYLE = Automatic;
				DEVELOPMENT_TEAM = NPF7TA6L62;
				INFOPLIST_FILE = iosfinal2018/Info.plist;
				LD_RUNPATH_SEARCH_PATHS = (
					"$(inherited)",
					"@executable_path/Frameworks",
				);
				PRODUCT_BUNDLE_IDENTIFIER = com.nyu.iosfinal2018;
				PRODUCT_NAME = "$(TARGET_NAME)";
				SWIFT_VERSION = 4.0;
				TARGETED_DEVICE_FAMILY = "1,2";
			};
			name = Release;
		};
/* End XCBuildConfiguration section */

/* Begin XCConfigurationList section */
		E05B5928207DB1680047B41E /* Build configuration list for PBXProject "iosfinal2018" */ = {
			isa = XCConfigurationList;
			buildConfigurations = (
				E05B593D207DB16B0047B41E /* Debug */,
				E05B593E207DB16B0047B41E /* Release */,
			);
			defaultConfigurationIsVisible = 0;
			defaultConfigurationName = Release;
		};
		E05B593F207DB16B0047B41E /* Build configuration list for PBXNativeTarget "iosfinal2018" */ = {
			isa = XCConfigurationList;
			buildConfigurations = (
				E05B5940207DB16B0047B41E /* Debug */,
				E05B5941207DB16B0047B41E /* Release */,
			);
			defaultConfigurationIsVisible = 0;
			defaultConfigurationName = Release;
		};
/* End XCConfigurationList section */
	};
	rootObject = E05B5925207DB1680047B41E /* Project object */;
}
